// !$*UTF8*$!
{
	archiveVersion = 1;
	classes = {
	};
	objectVersion = 51;
	objects = {

/* Begin PBXBuildFile section */
		18D69895251B9D8900E0CB18 /* MovieDetail.swift in Sources */ = {isa = PBXBuildFile; fileRef = 18D69894251B9D8900E0CB18 /* MovieDetail.swift */; };
		18D870FD251A039000996AB6 /* AppDelegate.swift in Sources */ = {isa = PBXBuildFile; fileRef = 18D870FC251A039000996AB6 /* AppDelegate.swift */; };
		18D870FF251A039000996AB6 /* SceneDelegate.swift in Sources */ = {isa = PBXBuildFile; fileRef = 18D870FE251A039000996AB6 /* SceneDelegate.swift */; };
		18D87101251A039000996AB6 /* ViewController.swift in Sources */ = {isa = PBXBuildFile; fileRef = 18D87100251A039000996AB6 /* ViewController.swift */; };
		18D87104251A039000996AB6 /* Main.storyboard in Resources */ = {isa = PBXBuildFile; fileRef = 18D87102251A039000996AB6 /* Main.storyboard */; };
		18D87106251A039B00996AB6 /* Assets.xcassets in Resources */ = {isa = PBXBuildFile; fileRef = 18D87105251A039B00996AB6 /* Assets.xcassets */; };
		18D87109251A039B00996AB6 /* LaunchScreen.storyboard in Resources */ = {isa = PBXBuildFile; fileRef = 18D87107251A039B00996AB6 /* LaunchScreen.storyboard */; };
		18D87114251A039C00996AB6 /* BMS_DemoTests.swift in Sources */ = {isa = PBXBuildFile; fileRef = 18D87113251A039C00996AB6 /* BMS_DemoTests.swift */; };
		18D87122251A197500996AB6 /* NowPlaying.swift in Sources */ = {isa = PBXBuildFile; fileRef = 18D87121251A197400996AB6 /* NowPlaying.swift */; };
		18D87124251A199400996AB6 /* Result.swift in Sources */ = {isa = PBXBuildFile; fileRef = 18D87123251A199400996AB6 /* Result.swift */; };
		18D87129251A1B1100996AB6 /* EJUtility.swift in Sources */ = {isa = PBXBuildFile; fileRef = 18D87127251A1B1100996AB6 /* EJUtility.swift */; };
		18D8712A251A1B1100996AB6 /* EJTextConst.swift in Sources */ = {isa = PBXBuildFile; fileRef = 18D87128251A1B1100996AB6 /* EJTextConst.swift */; };
		18EAAD88251A7ED9009C40D3 /* Moviecell.swift in Sources */ = {isa = PBXBuildFile; fileRef = 18EAAD87251A7ED9009C40D3 /* Moviecell.swift */; };
		18EAAD8C251A9096009C40D3 /* ResultTableViewController.swift in Sources */ = {isa = PBXBuildFile; fileRef = 18EAAD8B251A9096009C40D3 /* ResultTableViewController.swift */; };
		18EAAD8E251A9915009C40D3 /* DetailViewController.swift in Sources */ = {isa = PBXBuildFile; fileRef = 18EAAD8D251A9915009C40D3 /* DetailViewController.swift */; };
		7A1D4F4E444CC794EAB9C7DA /* Pods_BMS_Demo.framework in Frameworks */ = {isa = PBXBuildFile; fileRef = EC6C63EF7C1B91A937B20C71 /* Pods_BMS_Demo.framework */; };
/* End PBXBuildFile section */

/* Begin PBXContainerItemProxy section */
		18D87110251A039C00996AB6 /* PBXContainerItemProxy */ = {
			isa = PBXContainerItemProxy;
			containerPortal = 18D870F1251A039000996AB6 /* Project object */;
			proxyType = 1;
			remoteGlobalIDString = 18D870F8251A039000996AB6;
			remoteInfo = "BMS-Demo";
		};
/* End PBXContainerItemProxy section */

/* Begin PBXFileReference section */
		18D69894251B9D8900E0CB18 /* MovieDetail.swift */ = {isa = PBXFileReference; lastKnownFileType = sourcecode.swift; path = MovieDetail.swift; sourceTree = "<group>"; };
		18D870F9251A039000996AB6 /* BMS-Demo.app */ = {isa = PBXFileReference; explicitFileType = wrapper.application; includeInIndex = 0; path = "BMS-Demo.app"; sourceTree = BUILT_PRODUCTS_DIR; };
		18D870FC251A039000996AB6 /* AppDelegate.swift */ = {isa = PBXFileReference; lastKnownFileType = sourcecode.swift; path = AppDelegate.swift; sourceTree = "<group>"; };
		18D870FE251A039000996AB6 /* SceneDelegate.swift */ = {isa = PBXFileReference; lastKnownFileType = sourcecode.swift; path = SceneDelegate.swift; sourceTree = "<group>"; };
		18D87100251A039000996AB6 /* ViewController.swift */ = {isa = PBXFileReference; lastKnownFileType = sourcecode.swift; path = ViewController.swift; sourceTree = "<group>"; };
		18D87103251A039000996AB6 /* Base */ = {isa = PBXFileReference; lastKnownFileType = file.storyboard; name = Base; path = Base.lproj/Main.storyboard; sourceTree = "<group>"; };
		18D87105251A039B00996AB6 /* Assets.xcassets */ = {isa = PBXFileReference; lastKnownFileType = folder.assetcatalog; path = Assets.xcassets; sourceTree = "<group>"; };
		18D87108251A039B00996AB6 /* Base */ = {isa = PBXFileReference; lastKnownFileType = file.storyboard; name = Base; path = Base.lproj/LaunchScreen.storyboard; sourceTree = "<group>"; };
		18D8710A251A039B00996AB6 /* Info.plist */ = {isa = PBXFileReference; lastKnownFileType = text.plist.xml; path = Info.plist; sourceTree = "<group>"; };
		18D8710F251A039C00996AB6 /* BMS-DemoTests.xctest */ = {isa = PBXFileReference; explicitFileType = wrapper.cfbundle; includeInIndex = 0; path = "BMS-DemoTests.xctest"; sourceTree = BUILT_PRODUCTS_DIR; };
		18D87113251A039C00996AB6 /* BMS_DemoTests.swift */ = {isa = PBXFileReference; lastKnownFileType = sourcecode.swift; path = BMS_DemoTests.swift; sourceTree = "<group>"; };
		18D87115251A039C00996AB6 /* Info.plist */ = {isa = PBXFileReference; lastKnownFileType = text.plist.xml; path = Info.plist; sourceTree = "<group>"; };
		18D87121251A197400996AB6 /* NowPlaying.swift */ = {isa = PBXFileReference; lastKnownFileType = sourcecode.swift; path = NowPlaying.swift; sourceTree = "<group>"; };
		18D87123251A199400996AB6 /* Result.swift */ = {isa = PBXFileReference; lastKnownFileType = sourcecode.swift; path = Result.swift; sourceTree = "<group>"; };
		18D87127251A1B1100996AB6 /* EJUtility.swift */ = {isa = PBXFileReference; fileEncoding = 4; lastKnownFileType = sourcecode.swift; path = EJUtility.swift; sourceTree = "<group>"; };
		18D87128251A1B1100996AB6 /* EJTextConst.swift */ = {isa = PBXFileReference; fileEncoding = 4; lastKnownFileType = sourcecode.swift; path = EJTextConst.swift; sourceTree = "<group>"; };
		18EAAD87251A7ED9009C40D3 /* Moviecell.swift */ = {isa = PBXFileReference; lastKnownFileType = sourcecode.swift; path = Moviecell.swift; sourceTree = "<group>"; };
		18EAAD8B251A9096009C40D3 /* ResultTableViewController.swift */ = {isa = PBXFileReference; lastKnownFileType = sourcecode.swift; path = ResultTableViewController.swift; sourceTree = "<group>"; };
		18EAAD8D251A9915009C40D3 /* DetailViewController.swift */ = {isa = PBXFileReference; lastKnownFileType = sourcecode.swift; path = DetailViewController.swift; sourceTree = "<group>"; };
		756B82CB145416F77DEBAA1D /* Pods-BMS-Demo.release.xcconfig */ = {isa = PBXFileReference; includeInIndex = 1; lastKnownFileType = text.xcconfig; name = "Pods-BMS-Demo.release.xcconfig"; path = "Target Support Files/Pods-BMS-Demo/Pods-BMS-Demo.release.xcconfig"; sourceTree = "<group>"; };
		E890086FB5051E53F8997F67 /* Pods-BMS-Demo.debug.xcconfig */ = {isa = PBXFileReference; includeInIndex = 1; lastKnownFileType = text.xcconfig; name = "Pods-BMS-Demo.debug.xcconfig"; path = "Target Support Files/Pods-BMS-Demo/Pods-BMS-Demo.debug.xcconfig"; sourceTree = "<group>"; };
		EC6C63EF7C1B91A937B20C71 /* Pods_BMS_Demo.framework */ = {isa = PBXFileReference; explicitFileType = wrapper.framework; includeInIndex = 0; path = Pods_BMS_Demo.framework; sourceTree = BUILT_PRODUCTS_DIR; };
/* End PBXFileReference section */

/* Begin PBXFrameworksBuildPhase section */
		18D870F6251A039000996AB6 /* Frameworks */ = {
			isa = PBXFrameworksBuildPhase;
			buildActionMask = 2147483647;
			files = (
				7A1D4F4E444CC794EAB9C7DA /* Pods_BMS_Demo.framework in Frameworks */,
			);
			runOnlyForDeploymentPostprocessing = 0;
		};
		18D8710C251A039C00996AB6 /* Frameworks */ = {
			isa = PBXFrameworksBuildPhase;
			buildActionMask = 2147483647;
			files = (
			);
			runOnlyForDeploymentPostprocessing = 0;
		};
/* End PBXFrameworksBuildPhase section */

/* Begin PBXGroup section */
		18D870F0251A039000996AB6 = {
			isa = PBXGroup;
			children = (
				18D870FB251A039000996AB6 /* BMS-Demo */,
				18D87112251A039C00996AB6 /* BMS-DemoTests */,
				18D870FA251A039000996AB6 /* Products */,
				FDEB811C4278EA0A19063EC3 /* Pods */,
				5ED394BC1A4230E4E47F2DC7 /* Frameworks */,
			);
			sourceTree = "<group>";
		};
		18D870FA251A039000996AB6 /* Products */ = {
			isa = PBXGroup;
			children = (
				18D870F9251A039000996AB6 /* BMS-Demo.app */,
				18D8710F251A039C00996AB6 /* BMS-DemoTests.xctest */,
			);
			name = Products;
			sourceTree = "<group>";
		};
		18D870FB251A039000996AB6 /* BMS-Demo */ = {
			isa = PBXGroup;
			children = (
				18D87120251A195600996AB6 /* Controller */,
				18D8711E251A195600996AB6 /* Modals */,
				18D87125251A19EA00996AB6 /* Views */,
				18D87105251A039B00996AB6 /* Assets.xcassets */,
				18D8710A251A039B00996AB6 /* Info.plist */,
			);
			path = "BMS-Demo";
			sourceTree = "<group>";
		};
		18D87112251A039C00996AB6 /* BMS-DemoTests */ = {
			isa = PBXGroup;
			children = (
				18D87113251A039C00996AB6 /* BMS_DemoTests.swift */,
				18D87115251A039C00996AB6 /* Info.plist */,
			);
			path = "BMS-DemoTests";
			sourceTree = "<group>";
		};
		18D8711E251A195600996AB6 /* Modals */ = {
			isa = PBXGroup;
			children = (
				18D87126251A1B1100996AB6 /* Extensions */,
				18D8711F251A195600996AB6 /* ModalClasses */,
			);
			path = Modals;
			sourceTree = "<group>";
		};
		18D8711F251A195600996AB6 /* ModalClasses */ = {
			isa = PBXGroup;
			children = (
				18D87121251A197400996AB6 /* NowPlaying.swift */,
				18D87123251A199400996AB6 /* Result.swift */,
				18EAAD87251A7ED9009C40D3 /* Moviecell.swift */,
				18D69894251B9D8900E0CB18 /* MovieDetail.swift */,
			);
			path = ModalClasses;
			sourceTree = "<group>";
		};
		18D87120251A195600996AB6 /* Controller */ = {
			isa = PBXGroup;
			children = (
				18D870FC251A039000996AB6 /* AppDelegate.swift */,
				18D87100251A039000996AB6 /* ViewController.swift */,
				18EAAD8B251A9096009C40D3 /* ResultTableViewController.swift */,
				18EAAD8D251A9915009C40D3 /* DetailViewController.swift */,
			);
			path = Controller;
			sourceTree = "<group>";
		};
		18D87125251A19EA00996AB6 /* Views */ = {
			isa = PBXGroup;
			children = (
				18D870FE251A039000996AB6 /* SceneDelegate.swift */,
				18D87102251A039000996AB6 /* Main.storyboard */,
				18D87107251A039B00996AB6 /* LaunchScreen.storyboard */,
			);
			path = Views;
			sourceTree = "<group>";
		};
		18D87126251A1B1100996AB6 /* Extensions */ = {
			isa = PBXGroup;
			children = (
				18D87127251A1B1100996AB6 /* EJUtility.swift */,
				18D87128251A1B1100996AB6 /* EJTextConst.swift */,
			);
			path = Extensions;
			sourceTree = "<group>";
		};
		5ED394BC1A4230E4E47F2DC7 /* Frameworks */ = {
			isa = PBXGroup;
			children = (
				EC6C63EF7C1B91A937B20C71 /* Pods_BMS_Demo.framework */,
			);
			name = Frameworks;
			sourceTree = "<group>";
		};
		FDEB811C4278EA0A19063EC3 /* Pods */ = {
			isa = PBXGroup;
			children = (
				E890086FB5051E53F8997F67 /* Pods-BMS-Demo.debug.xcconfig */,
				756B82CB145416F77DEBAA1D /* Pods-BMS-Demo.release.xcconfig */,
			);
			path = Pods;
			sourceTree = "<group>";
		};
/* End PBXGroup section */

/* Begin PBXNativeTarget section */
		18D870F8251A039000996AB6 /* BMS-Demo */ = {
			isa = PBXNativeTarget;
			buildConfigurationList = 18D87118251A039C00996AB6 /* Build configuration list for PBXNativeTarget "BMS-Demo" */;
			buildPhases = (
				2469116E30D88D54D6D43935 /* [CP] Check Pods Manifest.lock */,
				18D870F5251A039000996AB6 /* Sources */,
				18D870F6251A039000996AB6 /* Frameworks */,
				18D870F7251A039000996AB6 /* Resources */,
				26C1DB1F917D577066ACB0D3 /* [CP] Embed Pods Frameworks */,
			);
			buildRules = (
			);
			dependencies = (
			);
			name = "BMS-Demo";
			productName = "BMS-Demo";
			productReference = 18D870F9251A039000996AB6 /* BMS-Demo.app */;
			productType = "com.apple.product-type.application";
		};
		18D8710E251A039C00996AB6 /* BMS-DemoTests */ = {
			isa = PBXNativeTarget;
			buildConfigurationList = 18D8711B251A039C00996AB6 /* Build configuration list for PBXNativeTarget "BMS-DemoTests" */;
			buildPhases = (
				18D8710B251A039C00996AB6 /* Sources */,
				18D8710C251A039C00996AB6 /* Frameworks */,
				18D8710D251A039C00996AB6 /* Resources */,
			);
			buildRules = (
			);
			dependencies = (
				18D87111251A039C00996AB6 /* PBXTargetDependency */,
			);
			name = "BMS-DemoTests";
			productName = "BMS-DemoTests";
			productReference = 18D8710F251A039C00996AB6 /* BMS-DemoTests.xctest */;
			productType = "com.apple.product-type.bundle.unit-test";
		};
/* End PBXNativeTarget section */

/* Begin PBXProject section */
		18D870F1251A039000996AB6 /* Project object */ = {
			isa = PBXProject;
			attributes = {
				LastSwiftUpdateCheck = 1170;
				LastUpgradeCheck = 1170;
				ORGANIZATIONNAME = apple;
				TargetAttributes = {
					18D870F8251A039000996AB6 = {
						CreatedOnToolsVersion = 11.7;
					};
					18D8710E251A039C00996AB6 = {
						CreatedOnToolsVersion = 11.7;
						TestTargetID = 18D870F8251A039000996AB6;
					};
				};
			};
			buildConfigurationList = 18D870F4251A039000996AB6 /* Build configuration list for PBXProject "BMS-Demo" */;
			compatibilityVersion = "Xcode 9.3";
			developmentRegion = en;
			hasScannedForEncodings = 0;
			knownRegions = (
				en,
				Base,
			);
			mainGroup = 18D870F0251A039000996AB6;
			productRefGroup = 18D870FA251A039000996AB6 /* Products */;
			projectDirPath = "";
			projectRoot = "";
			targets = (
				18D870F8251A039000996AB6 /* BMS-Demo */,
				18D8710E251A039C00996AB6 /* BMS-DemoTests */,
			);
		};
/* End PBXProject section */

/* Begin PBXResourcesBuildPhase section */
		18D870F7251A039000996AB6 /* Resources */ = {
			isa = PBXResourcesBuildPhase;
			buildActionMask = 2147483647;
			files = (
				18D87109251A039B00996AB6 /* LaunchScreen.storyboard in Resources */,
				18D87106251A039B00996AB6 /* Assets.xcassets in Resources */,
				18D87104251A039000996AB6 /* Main.storyboard in Resources */,
			);
			runOnlyForDeploymentPostprocessing = 0;
		};
		18D8710D251A039C00996AB6 /* Resources */ = {
			isa = PBXResourcesBuildPhase;
			buildActionMask = 2147483647;
			files = (
			);
			runOnlyForDeploymentPostprocessing = 0;
		};
/* End PBXResourcesBuildPhase section */

/* Begin PBXShellScriptBuildPhase section */
		2469116E30D88D54D6D43935 /* [CP] Check Pods Manifest.lock */ = {
			isa = PBXShellScriptBuildPhase;
			buildActionMask = 2147483647;
			files = (
			);
			inputFileListPaths = (
			);
			inputPaths = (
				"${PODS_PODFILE_DIR_PATH}/Podfile.lock",
				"${PODS_ROOT}/Manifest.lock",
			);
			name = "[CP] Check Pods Manifest.lock";
			outputFileListPaths = (
			);
			outputPaths = (
				"$(DERIVED_FILE_DIR)/Pods-BMS-Demo-checkManifestLockResult.txt",
			);
			runOnlyForDeploymentPostprocessing = 0;
			shellPath = /bin/sh;
			shellScript = "diff \"${PODS_PODFILE_DIR_PATH}/Podfile.lock\" \"${PODS_ROOT}/Manifest.lock\" > /dev/null\nif [ $? != 0 ] ; then\n    # print error to STDERR\n    echo \"error: The sandbox is not in sync with the Podfile.lock. Run 'pod install' or update your CocoaPods installation.\" >&2\n    exit 1\nfi\n# This output is used by Xcode 'outputs' to avoid re-running this script phase.\necho \"SUCCESS\" > \"${SCRIPT_OUTPUT_FILE_0}\"\n";
			showEnvVarsInLog = 0;
		};
		26C1DB1F917D577066ACB0D3 /* [CP] Embed Pods Frameworks */ = {
			isa = PBXShellScriptBuildPhase;
			buildActionMask = 2147483647;
			files = (
			);
			inputFileListPaths = (
				"${PODS_ROOT}/Target Support Files/Pods-BMS-Demo/Pods-BMS-Demo-frameworks-${CONFIGURATION}-input-files.xcfilelist",
			);
			name = "[CP] Embed Pods Frameworks";
			outputFileListPaths = (
				"${PODS_ROOT}/Target Support Files/Pods-BMS-Demo/Pods-BMS-Demo-frameworks-${CONFIGURATION}-output-files.xcfilelist",
			);
			runOnlyForDeploymentPostprocessing = 0;
			shellPath = /bin/sh;
			shellScript = "\"${PODS_ROOT}/Target Support Files/Pods-BMS-Demo/Pods-BMS-Demo-frameworks.sh\"\n";
			showEnvVarsInLog = 0;
		};
/* End PBXShellScriptBuildPhase section */

/* Begin PBXSourcesBuildPhase section */
		18D870F5251A039000996AB6 /* Sources */ = {
			isa = PBXSourcesBuildPhase;
			buildActionMask = 2147483647;
			files = (
				18D87101251A039000996AB6 /* ViewController.swift in Sources */,
				18D87129251A1B1100996AB6 /* EJUtility.swift in Sources */,
				18EAAD88251A7ED9009C40D3 /* Moviecell.swift in Sources */,
				18D87124251A199400996AB6 /* Result.swift in Sources */,
				18D870FD251A039000996AB6 /* AppDelegate.swift in Sources */,
				18EAAD8C251A9096009C40D3 /* ResultTableViewController.swift in Sources */,
				18D870FF251A039000996AB6 /* SceneDelegate.swift in Sources */,
				18EAAD8E251A9915009C40D3 /* DetailViewController.swift in Sources */,
				18D87122251A197500996AB6 /* NowPlaying.swift in Sources */,
				18D8712A251A1B1100996AB6 /* EJTextConst.swift in Sources */,
				18D69895251B9D8900E0CB18 /* MovieDetail.swift in Sources */,
			);
			runOnlyForDeploymentPostprocessing = 0;
		};
		18D8710B251A039C00996AB6 /* Sources */ = {
			isa = PBXSourcesBuildPhase;
			buildActionMask = 2147483647;
			files = (
				18D87114251A039C00996AB6 /* BMS_DemoTests.swift in Sources */,
			);
			runOnlyForDeploymentPostprocessing = 0;
		};
/* End PBXSourcesBuildPhase section */

/* Begin PBXTargetDependency section */
		18D87111251A039C00996AB6 /* PBXTargetDependency */ = {
			isa = PBXTargetDependency;
			target = 18D870F8251A039000996AB6 /* BMS-Demo */;
			targetProxy = 18D87110251A039C00996AB6 /* PBXContainerItemProxy */;
		};
/* End PBXTargetDependency section */

/* Begin PBXVariantGroup section */
		18D87102251A039000996AB6 /* Main.storyboard */ = {
			isa = PBXVariantGroup;
			children = (
				18D87103251A039000996AB6 /* Base */,
			);
			name = Main.storyboard;
			sourceTree = "<group>";
		};
		18D87107251A039B00996AB6 /* LaunchScreen.storyboard */ = {
			isa = PBXVariantGroup;
			children = (
				18D87108251A039B00996AB6 /* Base */,
			);
			name = LaunchScreen.storyboard;
			sourceTree = "<group>";
		};
/* End PBXVariantGroup section */

/* Begin XCBuildConfiguration section */
		18D87116251A039C00996AB6 /* Debug */ = {
			isa = XCBuildConfiguration;
			buildSettings = {
				ALWAYS_SEARCH_USER_PATHS = NO;
				CLANG_ANALYZER_NONNULL = YES;
				CLANG_ANALYZER_NUMBER_OBJECT_CONVERSION = YES_AGGRESSIVE;
				CLANG_CXX_LANGUAGE_STANDARD = "gnu++14";
				CLANG_CXX_LIBRARY = "libc++";
				CLANG_ENABLE_MODULES = YES;
				CLANG_ENABLE_OBJC_ARC = YES;
				CLANG_ENABLE_OBJC_WEAK = YES;
				CLANG_WARN_BLOCK_CAPTURE_AUTORELEASING = YES;
				CLANG_WARN_BOOL_CONVERSION = YES;
				CLANG_WARN_COMMA = YES;
				CLANG_WARN_CONSTANT_CONVERSION = YES;
				CLANG_WARN_DEPRECATED_OBJC_IMPLEMENTATIONS = YES;
				CLANG_WARN_DIRECT_OBJC_ISA_USAGE = YES_ERROR;
				CLANG_WARN_DOCUMENTATION_COMMENTS = YES;
				CLANG_WARN_EMPTY_BODY = YES;
				CLANG_WARN_ENUM_CONVERSION = YES;
				CLANG_WARN_INFINITE_RECURSION = YES;
				CLANG_WARN_INT_CONVERSION = YES;
				CLANG_WARN_NON_LITERAL_NULL_CONVERSION = YES;
				CLANG_WARN_OBJC_IMPLICIT_RETAIN_SELF = YES;
				CLANG_WARN_OBJC_LITERAL_CONVERSION = YES;
				CLANG_WARN_OBJC_ROOT_CLASS = YES_ERROR;
				CLANG_WARN_RANGE_LOOP_ANALYSIS = YES;
				CLANG_WARN_STRICT_PROTOTYPES = YES;
				CLANG_WARN_SUSPICIOUS_MOVE = YES;
				CLANG_WARN_UNGUARDED_AVAILABILITY = YES_AGGRESSIVE;
				CLANG_WARN_UNREACHABLE_CODE = YES;
				CLANG_WARN__DUPLICATE_METHOD_MATCH = YES;
				COPY_PHASE_STRIP = NO;
				DEBUG_INFORMATION_FORMAT = dwarf;
				ENABLE_STRICT_OBJC_MSGSEND = YES;
				ENABLE_TESTABILITY = YES;
				GCC_C_LANGUAGE_STANDARD = gnu11;
				GCC_DYNAMIC_NO_PIC = NO;
				GCC_NO_COMMON_BLOCKS = YES;
				GCC_OPTIMIZATION_LEVEL = 0;
				GCC_PREPROCESSOR_DEFINITIONS = (
					"DEBUG=1",
					"$(inherited)",
				);
				GCC_WARN_64_TO_32_BIT_CONVERSION = YES;
				GCC_WARN_ABOUT_RETURN_TYPE = YES_ERROR;
				GCC_WARN_UNDECLARED_SELECTOR = YES;
				GCC_WARN_UNINITIALIZED_AUTOS = YES_AGGRESSIVE;
				GCC_WARN_UNUSED_FUNCTION = YES;
				GCC_WARN_UNUSED_VARIABLE = YES;
				IPHONEOS_DEPLOYMENT_TARGET = 13.7;
				MTL_ENABLE_DEBUG_INFO = INCLUDE_SOURCE;
				MTL_FAST_MATH = YES;
				ONLY_ACTIVE_ARCH = YES;
				SDKROOT = iphoneos;
				SWIFT_ACTIVE_COMPILATION_CONDITIONS = DEBUG;
				SWIFT_OPTIMIZATION_LEVEL = "-Onone";
			};
			name = Debug;
		};
		18D87117251A039C00996AB6 /* Release */ = {
			isa = XCBuildConfiguration;
			buildSettings = {
				ALWAYS_SEARCH_USER_PATHS = NO;
				CLANG_ANALYZER_NONNULL = YES;
				CLANG_ANALYZER_NUMBER_OBJECT_CONVERSION = YES_AGGRESSIVE;
				CLANG_CXX_LANGUAGE_STANDARD = "gnu++14";
				CLANG_CXX_LIBRARY = "libc++";
				CLANG_ENABLE_MODULES = YES;
				CLANG_ENABLE_OBJC_ARC = YES;
				CLANG_ENABLE_OBJC_WEAK = YES;
				CLANG_WARN_BLOCK_CAPTURE_AUTORELEASING = YES;
				CLANG_WARN_BOOL_CONVERSION = YES;
				CLANG_WARN_COMMA = YES;
				CLANG_WARN_CONSTANT_CONVERSION = YES;
				CLANG_WARN_DEPRECATED_OBJC_IMPLEMENTATIONS = YES;
				CLANG_WARN_DIRECT_OBJC_ISA_USAGE = YES_ERROR;
				CLANG_WARN_DOCUMENTATION_COMMENTS = YES;
				CLANG_WARN_EMPTY_BODY = YES;
				CLANG_WARN_ENUM_CONVERSION = YES;
				CLANG_WARN_INFINITE_RECURSION = YES;
				CLANG_WARN_INT_CONVERSION = YES;
				CLANG_WARN_NON_LITERAL_NULL_CONVERSION = YES;
				CLANG_WARN_OBJC_IMPLICIT_RETAIN_SELF = YES;
				CLANG_WARN_OBJC_LITERAL_CONVERSION = YES;
				CLANG_WARN_OBJC_ROOT_CLASS = YES_ERROR;
				CLANG_WARN_RANGE_LOOP_ANALYSIS = YES;
				CLANG_WARN_STRICT_PROTOTYPES = YES;
				CLANG_WARN_SUSPICIOUS_MOVE = YES;
				CLANG_WARN_UNGUARDED_AVAILABILITY = YES_AGGRESSIVE;
				CLANG_WARN_UNREACHABLE_CODE = YES;
				CLANG_WARN__DUPLICATE_METHOD_MATCH = YES;
				COPY_PHASE_STRIP = NO;
				DEBUG_INFORMATION_FORMAT = "dwarf-with-dsym";
				ENABLE_NS_ASSERTIONS = NO;
				ENABLE_STRICT_OBJC_MSGSEND = YES;
				GCC_C_LANGUAGE_STANDARD = gnu11;
				GCC_NO_COMMON_BLOCKS = YES;
				GCC_WARN_64_TO_32_BIT_CONVERSION = YES;
				GCC_WARN_ABOUT_RETURN_TYPE = YES_ERROR;
				GCC_WARN_UNDECLARED_SELECTOR = YES;
				GCC_WARN_UNINITIALIZED_AUTOS = YES_AGGRESSIVE;
				GCC_WARN_UNUSED_FUNCTION = YES;
				GCC_WARN_UNUSED_VARIABLE = YES;
				IPHONEOS_DEPLOYMENT_TARGET = 13.7;
				MTL_ENABLE_DEBUG_INFO = NO;
				MTL_FAST_MATH = YES;
				SDKROOT = iphoneos;
				SWIFT_COMPILATION_MODE = wholemodule;
				SWIFT_OPTIMIZATION_LEVEL = "-O";
				VALIDATE_PRODUCT = YES;
			};
			name = Release;
		};
		18D87119251A039C00996AB6 /* Debug */ = {
			isa = XCBuildConfiguration;
			baseConfigurationReference = E890086FB5051E53F8997F67 /* Pods-BMS-Demo.debug.xcconfig */;
			buildSettings = {
				ASSETCATALOG_COMPILER_APPICON_NAME = AppIcon;
				CODE_SIGN_STYLE = Automatic;
				INFOPLIST_FILE = "BMS-Demo/Info.plist";
				LD_RUNPATH_SEARCH_PATHS = (
					"$(inherited)",
					"@executable_path/Frameworks",
				);
				PRODUCT_BUNDLE_IDENTIFIER = "com.rectitude.BMS-Demo";
				PRODUCT_NAME = "$(TARGET_NAME)";
				SWIFT_VERSION = 5.0;
				TARGETED_DEVICE_FAMILY = "1,2";
			};
			name = Debug;
		};
		18D8711A251A039C00996AB6 /* Release */ = {
			isa = XCBuildConfiguration;
			baseConfigurationReference = 756B82CB145416F77DEBAA1D /* Pods-BMS-Demo.release.xcconfig */;
			buildSettings = {
				ASSETCATALOG_COMPILER_APPICON_NAME = AppIcon;
				CODE_SIGN_STYLE = Automatic;
				INFOPLIST_FILE = "BMS-Demo/Info.plist";
				LD_RUNPATH_SEARCH_PATHS = (
					"$(inherited)",
					"@executable_path/Frameworks",
				);
				PRODUCT_BUNDLE_IDENTIFIER = "com.rectitude.BMS-Demo";
				PRODUCT_NAME = "$(TARGET_NAME)";
				SWIFT_VERSION = 5.0;
				TARGETED_DEVICE_FAMILY = "1,2";
			};
			name = Release;
		};
		18D8711C251A039C00996AB6 /* Debug */ = {
			isa = XCBuildConfiguration;
			buildSettings = {
				ALWAYS_EMBED_SWIFT_STANDARD_LIBRARIES = YES;
				BUNDLE_LOADER = "$(TEST_HOST)";
				CODE_SIGN_STYLE = Automatic;
				INFOPLIST_FILE = "BMS-DemoTests/Info.plist";
				IPHONEOS_DEPLOYMENT_TARGET = 13.7;
				LD_RUNPATH_SEARCH_PATHS = (
					"$(inherited)",
					"@executable_path/Frameworks",
					"@loader_path/Frameworks",
				);
				PRODUCT_BUNDLE_IDENTIFIER = "com.rectitude.BMS-DemoTests";
				PRODUCT_NAME = "$(TARGET_NAME)";
				SWIFT_VERSION = 5.0;
				TARGETED_DEVICE_FAMILY = "1,2";
				TEST_HOST = "$(BUILT_PRODUCTS_DIR)/BMS-Demo.app/BMS-Demo";
			};
			name = Debug;
		};
		18D8711D251A039C00996AB6 /* Release */ = {
			isa = XCBuildConfiguration;
			buildSettings = {
				ALWAYS_EMBED_SWIFT_STANDARD_LIBRARIES = YES;
				BUNDLE_LOADER = "$(TEST_HOST)";
				CODE_SIGN_STYLE = Automatic;
				INFOPLIST_FILE = "BMS-DemoTests/Info.plist";
				IPHONEOS_DEPLOYMENT_TARGET = 13.7;
				LD_RUNPATH_SEARCH_PATHS = (
					"$(inherited)",
					"@executable_path/Frameworks",
					"@loader_path/Frameworks",
				);
				PRODUCT_BUNDLE_IDENTIFIER = "com.rectitude.BMS-DemoTests";
				PRODUCT_NAME = "$(TARGET_NAME)";
				SWIFT_VERSION = 5.0;
				TARGETED_DEVICE_FAMILY = "1,2";
				TEST_HOST = "$(BUILT_PRODUCTS_DIR)/BMS-Demo.app/BMS-Demo";
			};
			name = Release;
		};
/* End XCBuildConfiguration section */

/* Begin XCConfigurationList section */
		18D870F4251A039000996AB6 /* Build configuration list for PBXProject "BMS-Demo" */ = {
			isa = XCConfigurationList;
			buildConfigurations = (
				18D87116251A039C00996AB6 /* Debug */,
				18D87117251A039C00996AB6 /* Release */,
			);
			defaultConfigurationIsVisible = 0;
			defaultConfigurationName = Release;
		};
		18D87118251A039C00996AB6 /* Build configuration list for PBXNativeTarget "BMS-Demo" */ = {
			isa = XCConfigurationList;
			buildConfigurations = (
				18D87119251A039C00996AB6 /* Debug */,
				18D8711A251A039C00996AB6 /* Release */,
			);
			defaultConfigurationIsVisible = 0;
			defaultConfigurationName = Release;
		};
		18D8711B251A039C00996AB6 /* Build configuration list for PBXNativeTarget "BMS-DemoTests" */ = {
			isa = XCConfigurationList;
			buildConfigurations = (
				18D8711C251A039C00996AB6 /* Debug */,
				18D8711D251A039C00996AB6 /* Release */,
			);
			defaultConfigurationIsVisible = 0;
			defaultConfigurationName = Release;
		};
/* End XCConfigurationList section */
	};
	rootObject = 18D870F1251A039000996AB6 /* Project object */;
}
